
Microsoft Visual Studio Solution File, Format Version 12.00
# Visual Studio 14
VisualStudioVersion = 14.0.25420.1
MinimumVisualStudioVersion = 10.0.40219.1
Project("{FAE04EC0-301F-11D3-BF4B-00C04F79EFBC}") = "SingleResponsibility", "SingleResponsibility\SingleResponsibility.csproj", "{BF7F4D63-42DC-4487-8AF2-70C6C4089496}"
EndProject
Project("{FAE04EC0-301F-11D3-BF4B-00C04F79EFBC}") = "OpenClosed", "OpenClosed\OpenClosed.csproj", "{B7F06294-17D6-4308-9FEB-0A6CB57439C2}"
EndProject
Project("{FAE04EC0-301F-11D3-BF4B-00C04F79EFBC}") = "LiskovSubstitution", "LiskovSubstitution\LiskovSubstitution.csproj", "{0B86623C-139C-460F-AAE6-A60ED5C57DE1}"
EndProject
Project("{FAE04EC0-301F-11D3-BF4B-00C04F79EFBC}") = "InterfaceSegregation", "InterfaceSegregation\InterfaceSegregation.csproj", "{C20D44F7-B3B6-4B3B-B6A6-099EDE4423B3}"
EndProject
Global
	GlobalSection(SolutionConfigurationPlatforms) = preSolution
		Debug|Any CPU = Debug|Any CPU
		Release|Any CPU = Release|Any CPU
	EndGlobalSection
	GlobalSection(ProjectConfigurationPlatforms) = postSolution
		{BF7F4D63-42DC-4487-8AF2-70C6C4089496}.Debug|Any CPU.ActiveCfg = Debug|Any CPU
		{BF7F4D63-42DC-4487-8AF2-70C6C4089496}.Debug|Any CPU.Build.0 = Debug|Any CPU
		{BF7F4D63-42DC-4487-8AF2-70C6C4089496}.Release|Any CPU.ActiveCfg = Release|Any CPU
		{BF7F4D63-42DC-4487-8AF2-70C6C4089496}.Release|Any CPU.Build.0 = Release|Any CPU
		{B7F06294-17D6-4308-9FEB-0A6CB57439C2}.Debug|Any CPU.ActiveCfg = Debug|Any CPU
		{B7F06294-17D6-4308-9FEB-0A6CB57439C2}.Debug|Any CPU.Build.0 = Debug|Any CPU
		{B7F06294-17D6-4308-9FEB-0A6CB57439C2}.Release|Any CPU.ActiveCfg = Release|Any CPU
		{B7F06294-17D6-4308-9FEB-0A6CB57439C2}.Release|Any CPU.Build.0 = Release|Any CPU
		{0B86623C-139C-460F-AAE6-A60ED5C57DE1}.Debug|Any CPU.ActiveCfg = Debug|Any CPU
		{0B86623C-139C-460F-AAE6-A60ED5C57DE1}.Debug|Any CPU.Build.0 = Debug|Any CPU
		{0B86623C-139C-460F-AAE6-A60ED5C57DE1}.Release|Any CPU.ActiveCfg = Release|Any CPU
		{0B86623C-139C-460F-AAE6-A60ED5C57DE1}.Release|Any CPU.Build.0 = Release|Any CPU
		{C20D44F7-B3B6-4B3B-B6A6-099EDE4423B3}.Debug|Any CPU.ActiveCfg = Debug|Any CPU
		{C20D44F7-B3B6-4B3B-B6A6-099EDE4423B3}.Debug|Any CPU.Build.0 = Debug|Any CPU
		{C20D44F7-B3B6-4B3B-B6A6-099EDE4423B3}.Release|Any CPU.ActiveCfg = Release|Any CPU
		{C20D44F7-B3B6-4B3B-B6A6-099EDE4423B3}.Release|Any CPU.Build.0 = Release|Any CPU
	EndGlobalSection
	GlobalSection(SolutionProperties) = preSolution
		HideSolutionNode = FALSE
	EndGlobalSection
EndGlobal
